
Microsoft Visual Studio Solution File, Format Version 12.00
# Visual Studio 15
VisualStudioVersion = 15.0.26730.10
MinimumVisualStudioVersion = 10.0.40219.1
Project("{FAE04EC0-301F-11D3-BF4B-00C04F79EFBC}") = "MaeTerra.WebAPI", "Unilever.MaeTerra.API\MaeTerra.WebAPI.csproj", "{C8AC4082-7DC8-4FB8-B8B3-35A9DD76763D}"
EndProject
Project("{2150E333-8FDC-42A3-9474-1A3956D46DE8}") = "1. API", "1. API", "{60BE3658-D0EF-49BC-A0E5-B0F634DD2A9A}"
EndProject
Project("{2150E333-8FDC-42A3-9474-1A3956D46DE8}") = "2. Negócios", "2. Negócios", "{BD4CB2B2-BE1B-4F03-919D-9C87FA0BACCC}"
EndProject
Project("{2150E333-8FDC-42A3-9474-1A3956D46DE8}") = "3. Dados", "3. Dados", "{DEF343E8-A979-454C-8F90-0977630FBB81}"
EndProject
Project("{2150E333-8FDC-42A3-9474-1A3956D46DE8}") = "4. ORM", "4. ORM", "{6453C14D-A4F5-4A55-ACB5-99E44F1C8C2C}"
EndProject
Global
	GlobalSection(SolutionConfigurationPlatforms) = preSolution
		Debug|Any CPU = Debug|Any CPU
		Release|Any CPU = Release|Any CPU
	EndGlobalSection
	GlobalSection(ProjectConfigurationPlatforms) = postSolution
		{C8AC4082-7DC8-4FB8-B8B3-35A9DD76763D}.Debug|Any CPU.ActiveCfg = Debug|Any CPU
		{C8AC4082-7DC8-4FB8-B8B3-35A9DD76763D}.Debug|Any CPU.Build.0 = Debug|Any CPU
		{C8AC4082-7DC8-4FB8-B8B3-35A9DD76763D}.Release|Any CPU.ActiveCfg = Release|Any CPU
		{C8AC4082-7DC8-4FB8-B8B3-35A9DD76763D}.Release|Any CPU.Build.0 = Release|Any CPU
	EndGlobalSection
	GlobalSection(SolutionProperties) = preSolution
		HideSolutionNode = FALSE
	EndGlobalSection
	GlobalSection(NestedProjects) = preSolution
		{C8AC4082-7DC8-4FB8-B8B3-35A9DD76763D} = {60BE3658-D0EF-49BC-A0E5-B0F634DD2A9A}
	EndGlobalSection
	GlobalSection(ExtensibilityGlobals) = postSolution
		SolutionGuid = {429CBDD2-D105-4F55-96D1-775565B3B0A9}
	EndGlobalSection
EndGlobal
